
Microsoft Visual Studio Solution File, Format Version 12.00
# Visual Studio Version 17
VisualStudioVersion = 17.6.33829.357
MinimumVisualStudioVersion = 10.0.40219.1
Project("{FAE04EC0-301F-11D3-BF4B-00C04F79EFBC}") = "TheJitu", "TheJitu\TheJitu.csproj", "{B84A5620-2E49-4263-816C-AB90F5389092}"
EndProject
Project("{FAE04EC0-301F-11D3-BF4B-00C04F79EFBC}") = "Models", "Models\Models.csproj", "{B4067B05-0F5B-4436-B731-FDE5FC739B02}"
EndProject
Global
	GlobalSection(SolutionConfigurationPlatforms) = preSolution
		Debug|Any CPU = Debug|Any CPU
		Release|Any CPU = Release|Any CPU
	EndGlobalSection
	GlobalSection(ProjectConfigurationPlatforms) = postSolution
		{B84A5620-2E49-4263-816C-AB90F5389092}.Debug|Any CPU.ActiveCfg = Debug|Any CPU
		{B84A5620-2E49-4263-816C-AB90F5389092}.Debug|Any CPU.Build.0 = Debug|Any CPU
		{B84A5620-2E49-4263-816C-AB90F5389092}.Release|Any CPU.ActiveCfg = Release|Any CPU
		{B84A5620-2E49-4263-816C-AB90F5389092}.Release|Any CPU.Build.0 = Release|Any CPU
		{B4067B05-0F5B-4436-B731-FDE5FC739B02}.Debug|Any CPU.ActiveCfg = Debug|Any CPU
		{B4067B05-0F5B-4436-B731-FDE5FC739B02}.Debug|Any CPU.Build.0 = Debug|Any CPU
		{B4067B05-0F5B-4436-B731-FDE5FC739B02}.Release|Any CPU.ActiveCfg = Release|Any CPU
		{B4067B05-0F5B-4436-B731-FDE5FC739B02}.Release|Any CPU.Build.0 = Release|Any CPU
	EndGlobalSection
	GlobalSection(SolutionProperties) = preSolution
		HideSolutionNode = FALSE
	EndGlobalSection
	GlobalSection(ExtensibilityGlobals) = postSolution
		SolutionGuid = {41661AC1-F45E-40CF-BF4C-61554C986653}
	EndGlobalSection
EndGlobal
